{
  "name": "backend",
  "lockfileVersion": 3,
  "requires": true,
  "packages": {
    "": {
      "dependencies": {
        "beanie": "^0.1.0"
      }
    },
    "node_modules/async": {
      "version": "0.1.22",
      "resolved": "https://registry.npmjs.org/async/-/async-0.1.22.tgz",
      "integrity": "sha512-2tEzliJmf5fHNafNwQLJXUasGzQCVctvsNkXmnlELHwypU0p08/rHohYvkqKIjyXpx+0rkrYv6QbhJ+UF4QkBg==",
      "engines": {
        "node": "*"
      }
    },
    "node_modules/beanie": {
      "version": "0.1.0",
      "resolved": "https://registry.npmjs.org/beanie/-/beanie-0.1.0.tgz",
      "integrity": "sha512-AXXVsYyMLUNw1drV0+g3gg7ILMQmRmhAv/ABPxm8O7KQWyk8mbE0UXHPdQcBuXl5N2mZHfN89FofN8uIX4U5Xw==",
      "dependencies": {
        "beanpoll": "<0.3.0",
        "plugin": "<0.3.0"
      }
    },
    "node_modules/beanpoll": {
      "version": "0.2.19",
      "resolved": "https://registry.npmjs.org/beanpoll/-/beanpoll-0.2.19.tgz",
      "integrity": "sha512-YBV1sLvQCePu2JkIbsV+1WexA2i8ssos4rPxX2vQjJhqWgSK906lhyDTyqPd2YZAT3WCLaeM56x4bEjiAktfhA==",
      "dependencies": {
        "comerr": "0.0.x",
        "crema": "<0.2.0",
        "disposable": "*",
        "dolce": "<0.2.0",
        "outcome": "<0.2.0",
        "underscore": "*"
      }
    },
    "node_modules/comerr": {
      "version": "0.0.9",
      "resolved": "https://registry.npmjs.org/comerr/-/comerr-0.0.9.tgz",
      "integrity": "sha512-jVoXtdEY1ntDzwARfeqUoQG1MNNVsIz2jjeM2m6PLkvJoJlhZoo0SAtOCUAvtrPI4wGskrzpkXTOpXk5FyIejQ==",
      "license": "BSD"
    },
    "node_modules/crema": {
      "version": "0.1.5",
      "resolved": "https://registry.npmjs.org/crema/-/crema-0.1.5.tgz",
      "integrity": "sha512-GUZY3C6YM9+13yiu1pzVBIt4fKWuWmbcY9Vh6exxHQIdxK/OXNg+gP3CVhjRhesQt/pD1+iCaiZ08BZROTGDGg==",
      "dependencies": {
        "strscanner": "0.0.x"
      }
    },
    "node_modules/disposable": {
      "version": "0.0.5",
      "resolved": "https://registry.npmjs.org/disposable/-/disposable-0.0.5.tgz",
      "integrity": "sha512-5XuoIUIhZTB171c9XyveMGRorjnqRfi1MY1qG+L7rm7GVmZOQQ//VNhR9vxE2sxicwfjoFj0Aw6ECMuSvG6AwA=="
    },
    "node_modules/dolce": {
      "version": "0.0.14",
      "resolved": "https://registry.npmjs.org/dolce/-/dolce-0.0.14.tgz",
      "integrity": "sha512-dQxupQdmr5oSWrgE3vC0Y8qU5rrwBnFGAt5eY+iR9WPqRrfxtvtXUVVcX0NehcSovUVp6a+nea/V7PeY5STlVQ==",
      "dependencies": {
        "crema": "*",
        "sift": "*",
        "underscore": "1.2.x"
      },
      "engines": {
        "node": "*"
      }
    },
    "node_modules/dolce/node_modules/underscore": {
      "version": "1.2.4",
      "resolved": "https://registry.npmjs.org/underscore/-/underscore-1.2.4.tgz",
      "integrity": "sha512-WvFu6gnoSYDtm/hncQgO00QgFTxlmiw2Uv3DoU7yq5aLD4RhX7cUHO4TDU53JWy5E63Ex4yYsm1+9t2cZvefnQ==",
      "engines": {
        "node": "*"
      }
    },
    "node_modules/dref": {
      "version": "0.0.6",
      "resolved": "https://registry.npmjs.org/dref/-/dref-0.0.6.tgz",
      "integrity": "sha512-mavsfoF9FiDt11eQccNaBpxRQUNHUOruQX732cYn/L7IJLLo5KXa/FsHwnx4Z2x8hMro9heTo+S/KccdU76J2Q==",
      "dependencies": {
        "dref": "0.0.x",
        "structr": "0.2.x",
        "type-component": "0.0.x"
      }
    },
    "node_modules/outcome": {
      "version": "0.0.18",
      "resolved": "https://registry.npmjs.org/outcome/-/outcome-0.0.18.tgz",
      "integrity": "sha512-r5lBTvoSOO1a4J/bjCy5wOKs0CUEp4+DlL3WnGLgnpWLzNVF7KIUPlYUETbZ81IQHWmvVDZ8c1913uQW65ePNg=="
    },
    "node_modules/plugin": {
      "version": "0.2.7",
      "resolved": "https://registry.npmjs.org/plugin/-/plugin-0.2.7.tgz",
      "integrity": "sha512-MNq7dIuclxkM7syC4xVp1uMrWmoveQb8hqmM/4bQwTJsF3HTFDIP6K7VyhPnkOFGyP7EoBS1rOaQJiyOiteReA==",
      "dependencies": {
        "async": "0.1.x",
        "dref": "0.0.x",
        "outcome": "0.0.x",
        "resolve": "0.2.x",
        "sift": "0.0.x",
        "structr": "0.2.x",
        "underscore": "1.4.x"
      }
    },
    "node_modules/plugin/node_modules/sift": {
      "version": "0.0.18",
      "resolved": "https://registry.npmjs.org/sift/-/sift-0.0.18.tgz",
      "integrity": "sha512-AGLWQiwxBbdCWGl9g8oOEAnc/2/VmvEL2ZmiQJXg4rLbNA+Wi8beTJV4pemehLAjiqtNNUyLYCFkNmHNm4E6QQ=="
    },
    "node_modules/plugin/node_modules/underscore": {
      "version": "1.4.4",
      "resolved": "https://registry.npmjs.org/underscore/-/underscore-1.4.4.tgz",
      "integrity": "sha512-ZqGrAgaqqZM7LGRzNjLnw5elevWb5M8LEoDMadxIW3OWbcv72wMMgKdwOKpd5Fqxe8choLD8HN3iSj3TUh/giQ=="
    },
    "node_modules/resolve": {
      "version": "0.2.8",
      "resolved": "https://registry.npmjs.org/resolve/-/resolve-0.2.8.tgz",
      "integrity": "sha512-/u93d172yGtNlqM9641bKSdPmgaJ/X9TiD/7Mrb3DtrZ/CAvfNEXAdRABvayxLst7GGWMKkD0oGFQvwn0exevg==",
      "license": "MIT",
      "engines": {
        "node": ">=0.4.0"
      }
    },
    "node_modules/sift": {
      "version": "17.1.3",
      "resolved": "https://registry.npmjs.org/sift/-/sift-17.1.3.tgz",
      "integrity": "sha512-Rtlj66/b0ICeFzYTuNvX/EF1igRbbnGSvEyT79McoZa/DeGhMyC5pWKOEsZKnpkqtSeovd5FL/bjHWC3CIIvCQ==",
      "license": "MIT"
    },
    "node_modules/strscanner": {
      "version": "0.0.8",
      "resolved": "https://registry.npmjs.org/strscanner/-/strscanner-0.0.8.tgz",
      "integrity": "sha512-bqMF+H0MCTeJL7s3SIyjERIS3QBiKnP0MzwgblGT8liwCEUmgI7eZwGeUnyv63vdFAenBQijTOOSij5uaeaVPA=="
    },
    "node_modules/structr": {
      "version": "0.2.4",
      "resolved": "https://registry.npmjs.org/structr/-/structr-0.2.4.tgz",
      "integrity": "sha512-hL77hWtJhhuhDb4od5ywwAnVUlq9Krzk4BCoWhfiPtTEHvqBqRUm6lJ5PQlCrMWyi8Cv4+AXA/Mu6dbeTN/fGA=="
    },
    "node_modules/type-component": {
      "version": "0.0.1",
      "resolved": "https://registry.npmjs.org/type-component/-/type-component-0.0.1.tgz",
      "integrity": "sha512-mDZRBQS2yZkwRQKfjJvQ8UIYJeBNNWCq+HBNstl9N5s9jZ4dkVYXEGkVPsSCEh5Ld4JM1kmrZTzjnrqSAIQ7dw=="
    },
    "node_modules/underscore": {
      "version": "1.13.8",
      "resolved": "https://registry.npmjs.org/underscore/-/underscore-1.13.8.tgz",
      "integrity": "sha512-DXtD3ZtEQzc7M8m4cXotyHR+FAS18C64asBYY5vqZexfYryNNnDc02W4hKg3rdQuqOYas1jkseX0+nZXjTXnvQ==",
      "license": "MIT"
    }
  }
}
